// !$*UTF8*$!
{
	archiveVersion = 1;
	classes = {
	};
	objectVersion = 46;
	objects = {

/* Begin PBXBuildFile section */
		B24D23951BB6ED9400B2833F /* main.m in Sources */ = {isa = PBXBuildFile; fileRef = B24D23941BB6ED9400B2833F /* main.m */; };
		B24D23981BB6ED9400B2833F /* AppDelegate.m in Sources */ = {isa = PBXBuildFile; fileRef = B24D23971BB6ED9400B2833F /* AppDelegate.m */; };
		B24D239B1BB6ED9400B2833F /* MainViewController.m in Sources */ = {isa = PBXBuildFile; fileRef = B24D239A1BB6ED9400B2833F /* MainViewController.m */; };
		B24D239E1BB6ED9400B2833F /* Main.storyboard in Resources */ = {isa = PBXBuildFile; fileRef = B24D239C1BB6ED9400B2833F /* Main.storyboard */; };
		B24D23A01BB6ED9400B2833F /* Assets.xcassets in Resources */ = {isa = PBXBuildFile; fileRef = B24D239F1BB6ED9400B2833F /* Assets.xcassets */; };
		B24D23A31BB6ED9400B2833F /* LaunchScreen.storyboard in Resources */ = {isa = PBXBuildFile; fileRef = B24D23A11BB6ED9400B2833F /* LaunchScreen.storyboard */; };
		B24D23AE1BB6ED9400B2833F /* OHFTheMenTestAppTests.m in Sources */ = {isa = PBXBuildFile; fileRef = B24D23AD1BB6ED9400B2833F /* OHFTheMenTestAppTests.m */; };
		B24D23B91BB6ED9400B2833F /* OHFTheMenTestAppUITests.m in Sources */ = {isa = PBXBuildFile; fileRef = B24D23B81BB6ED9400B2833F /* OHFTheMenTestAppUITests.m */; };
		B26C20851BB718520075BF4F /* QuartzCore.framework in Frameworks */ = {isa = PBXBuildFile; fileRef = B26C20841BB718520075BF4F /* QuartzCore.framework */; };
		B2B0F3381BB6F0B500BD7E08 /* ClarifaiClient.m in Sources */ = {isa = PBXBuildFile; fileRef = B2B0F3331BB6F0B500BD7E08 /* ClarifaiClient.m */; settings = {ASSET_TAGS = (); }; };
		B2B0F3391BB6F0B500BD7E08 /* ClarifaiClientFactory.m in Sources */ = {isa = PBXBuildFile; fileRef = B2B0F3351BB6F0B500BD7E08 /* ClarifaiClientFactory.m */; settings = {ASSET_TAGS = (); }; };
		B2B0F33A1BB6F0B500BD7E08 /* ImageProcessor.m in Sources */ = {isa = PBXBuildFile; fileRef = B2B0F3371BB6F0B500BD7E08 /* ImageProcessor.m */; settings = {ASSET_TAGS = (); }; };
		B2B0F3401BB6F14E00BD7E08 /* Localizable.strings in Resources */ = {isa = PBXBuildFile; fileRef = B2B0F33F1BB6F14E00BD7E08 /* Localizable.strings */; settings = {ASSET_TAGS = (); }; };
		B2B0F37F1BB6FA7700BD7E08 /* IMGResponseSerializer.m in Sources */ = {isa = PBXBuildFile; fileRef = B2B0F3431BB6FA7700BD7E08 /* IMGResponseSerializer.m */; settings = {ASSET_TAGS = (); }; };
		B2B0F3801BB6FA7700BD7E08 /* IMGSession.m in Sources */ = {isa = PBXBuildFile; fileRef = B2B0F3451BB6FA7700BD7E08 /* IMGSession.m */; settings = {ASSET_TAGS = (); }; };
		B2B0F3811BB6FA7700BD7E08 /* IMGAccount.m in Sources */ = {isa = PBXBuildFile; fileRef = B2B0F3491BB6FA7700BD7E08 /* IMGAccount.m */; settings = {ASSET_TAGS = (); }; };
		B2B0F3821BB6FA7700BD7E08 /* IMGAccountSettings.m in Sources */ = {isa = PBXBuildFile; fileRef = B2B0F34B1BB6FA7700BD7E08 /* IMGAccountSettings.m */; settings = {ASSET_TAGS = (); }; };
		B2B0F3831BB6FA7700BD7E08 /* IMGAlbum.m in Sources */ = {isa = PBXBuildFile; fileRef = B2B0F34D1BB6FA7700BD7E08 /* IMGAlbum.m */; settings = {ASSET_TAGS = (); }; };
		B2B0F3841BB6FA7700BD7E08 /* IMGBasicAlbum.m in Sources */ = {isa = PBXBuildFile; fileRef = B2B0F34F1BB6FA7700BD7E08 /* IMGBasicAlbum.m */; settings = {ASSET_TAGS = (); }; };
		B2B0F3851BB6FA7700BD7E08 /* IMGComment.m in Sources */ = {isa = PBXBuildFile; fileRef = B2B0F3511BB6FA7700BD7E08 /* IMGComment.m */; settings = {ASSET_TAGS = (); }; };
		B2B0F3861BB6FA7700BD7E08 /* IMGConversation.m in Sources */ = {isa = PBXBuildFile; fileRef = B2B0F3531BB6FA7700BD7E08 /* IMGConversation.m */; settings = {ASSET_TAGS = (); }; };
		B2B0F3871BB6FA7700BD7E08 /* IMGGalleryAlbum.m in Sources */ = {isa = PBXBuildFile; fileRef = B2B0F3551BB6FA7700BD7E08 /* IMGGalleryAlbum.m */; settings = {ASSET_TAGS = (); }; };
		B2B0F3881BB6FA7700BD7E08 /* IMGGalleryImage.m in Sources */ = {isa = PBXBuildFile; fileRef = B2B0F3571BB6FA7700BD7E08 /* IMGGalleryImage.m */; settings = {ASSET_TAGS = (); }; };
		B2B0F3891BB6FA7700BD7E08 /* IMGGalleryProfile.m in Sources */ = {isa = PBXBuildFile; fileRef = B2B0F35A1BB6FA7700BD7E08 /* IMGGalleryProfile.m */; settings = {ASSET_TAGS = (); }; };
		B2B0F38A1BB6FA7700BD7E08 /* IMGImage.m in Sources */ = {isa = PBXBuildFile; fileRef = B2B0F35C1BB6FA7700BD7E08 /* IMGImage.m */; settings = {ASSET_TAGS = (); }; };
		B2B0F38B1BB6FA7700BD7E08 /* IMGMeme.m in Sources */ = {isa = PBXBuildFile; fileRef = B2B0F35E1BB6FA7700BD7E08 /* IMGMeme.m */; settings = {ASSET_TAGS = (); }; };
		B2B0F38C1BB6FA7700BD7E08 /* IMGMessage.m in Sources */ = {isa = PBXBuildFile; fileRef = B2B0F3601BB6FA7700BD7E08 /* IMGMessage.m */; settings = {ASSET_TAGS = (); }; };
		B2B0F38D1BB6FA7700BD7E08 /* IMGModel.m in Sources */ = {isa = PBXBuildFile; fileRef = B2B0F3621BB6FA7700BD7E08 /* IMGModel.m */; settings = {ASSET_TAGS = (); }; };
		B2B0F38E1BB6FA7700BD7E08 /* IMGNotification.m in Sources */ = {isa = PBXBuildFile; fileRef = B2B0F3641BB6FA7700BD7E08 /* IMGNotification.m */; settings = {ASSET_TAGS = (); }; };
		B2B0F38F1BB6FA7700BD7E08 /* IMGVote.m in Sources */ = {isa = PBXBuildFile; fileRef = B2B0F3671BB6FA7700BD7E08 /* IMGVote.m */; settings = {ASSET_TAGS = (); }; };
		B2B0F3901BB6FA7700BD7E08 /* NSDictionary+IMG.m in Sources */ = {isa = PBXBuildFile; fileRef = B2B0F3691BB6FA7700BD7E08 /* NSDictionary+IMG.m */; settings = {ASSET_TAGS = (); }; };
		B2B0F3911BB6FA7700BD7E08 /* NSError+IMGError.m in Sources */ = {isa = PBXBuildFile; fileRef = B2B0F36B1BB6FA7700BD7E08 /* NSError+IMGError.m */; settings = {ASSET_TAGS = (); }; };
		B2B0F3921BB6FA7700BD7E08 /* IMGAccountRequest.m in Sources */ = {isa = PBXBuildFile; fileRef = B2B0F36E1BB6FA7700BD7E08 /* IMGAccountRequest.m */; settings = {ASSET_TAGS = (); }; };
		B2B0F3931BB6FA7700BD7E08 /* IMGAlbumRequest.m in Sources */ = {isa = PBXBuildFile; fileRef = B2B0F3701BB6FA7700BD7E08 /* IMGAlbumRequest.m */; settings = {ASSET_TAGS = (); }; };
		B2B0F3941BB6FA7700BD7E08 /* IMGCommentRequest.m in Sources */ = {isa = PBXBuildFile; fileRef = B2B0F3721BB6FA7700BD7E08 /* IMGCommentRequest.m */; settings = {ASSET_TAGS = (); }; };
		B2B0F3951BB6FA7700BD7E08 /* IMGConversationRequest.m in Sources */ = {isa = PBXBuildFile; fileRef = B2B0F3741BB6FA7700BD7E08 /* IMGConversationRequest.m */; settings = {ASSET_TAGS = (); }; };
		B2B0F3961BB6FA7700BD7E08 /* IMGEndpoint.m in Sources */ = {isa = PBXBuildFile; fileRef = B2B0F3761BB6FA7700BD7E08 /* IMGEndpoint.m */; settings = {ASSET_TAGS = (); }; };
		B2B0F3971BB6FA7700BD7E08 /* IMGGalleryRequest.m in Sources */ = {isa = PBXBuildFile; fileRef = B2B0F3781BB6FA7700BD7E08 /* IMGGalleryRequest.m */; settings = {ASSET_TAGS = (); }; };
		B2B0F3981BB6FA7700BD7E08 /* IMGImageRequest.m in Sources */ = {isa = PBXBuildFile; fileRef = B2B0F37A1BB6FA7700BD7E08 /* IMGImageRequest.m */; settings = {ASSET_TAGS = (); }; };
		B2B0F3991BB6FA7700BD7E08 /* IMGMemeGen.m in Sources */ = {isa = PBXBuildFile; fileRef = B2B0F37C1BB6FA7700BD7E08 /* IMGMemeGen.m */; settings = {ASSET_TAGS = (); }; };
		B2B0F39A1BB6FA7700BD7E08 /* IMGNotificationRequest.m in Sources */ = {isa = PBXBuildFile; fileRef = B2B0F37E1BB6FA7700BD7E08 /* IMGNotificationRequest.m */; settings = {ASSET_TAGS = (); }; };
		B2B0F39C1BB709DE00BD7E08 /* SBPodfile in Resources */ = {isa = PBXBuildFile; fileRef = B2B0F39B1BB709DE00BD7E08 /* SBPodfile */; settings = {ASSET_TAGS = (); }; };
		B6FAE38A8772799A2F65B523 /* libPods-OHFTheMenTestApp.a in Frameworks */ = {isa = PBXBuildFile; fileRef = A546449F2D0BEB8063C7DA17 /* libPods-OHFTheMenTestApp.a */; };
/* End PBXBuildFile section */

/* Begin PBXContainerItemProxy section */
		B24D23AA1BB6ED9400B2833F /* PBXContainerItemProxy */ = {
			isa = PBXContainerItemProxy;
			containerPortal = B24D23881BB6ED9400B2833F /* Project object */;
			proxyType = 1;
			remoteGlobalIDString = B24D238F1BB6ED9400B2833F;
			remoteInfo = OHFTheMenTestApp;
		};
		B24D23B51BB6ED9400B2833F /* PBXContainerItemProxy */ = {
			isa = PBXContainerItemProxy;
			containerPortal = B24D23881BB6ED9400B2833F /* Project object */;
			proxyType = 1;
			remoteGlobalIDString = B24D238F1BB6ED9400B2833F;
			remoteInfo = OHFTheMenTestApp;
		};
/* End PBXContainerItemProxy section */

/* Begin PBXFileReference section */
		550567A43F385025BB30E533 /* Pods-OHFTheMenTestApp.release.xcconfig */ = {isa = PBXFileReference; includeInIndex = 1; lastKnownFileType = text.xcconfig; name = "Pods-OHFTheMenTestApp.release.xcconfig"; path = "Pods/Target Support Files/Pods-OHFTheMenTestApp/Pods-OHFTheMenTestApp.release.xcconfig"; sourceTree = "<group>"; };
		918F1B8234062EA120E2AEFC /* Pods-OHFTheMenTestApp.debug.xcconfig */ = {isa = PBXFileReference; includeInIndex = 1; lastKnownFileType = text.xcconfig; name = "Pods-OHFTheMenTestApp.debug.xcconfig"; path = "Pods/Target Support Files/Pods-OHFTheMenTestApp/Pods-OHFTheMenTestApp.debug.xcconfig"; sourceTree = "<group>"; };
		A546449F2D0BEB8063C7DA17 /* libPods-OHFTheMenTestApp.a */ = {isa = PBXFileReference; explicitFileType = archive.ar; includeInIndex = 0; path = "libPods-OHFTheMenTestApp.a"; sourceTree = BUILT_PRODUCTS_DIR; };
		B24D23901BB6ED9400B2833F /* OHFTheMenTestApp.app */ = {isa = PBXFileReference; explicitFileType = wrapper.application; includeInIndex = 0; path = OHFTheMenTestApp.app; sourceTree = BUILT_PRODUCTS_DIR; };
		B24D23941BB6ED9400B2833F /* main.m */ = {isa = PBXFileReference; lastKnownFileType = sourcecode.c.objc; path = main.m; sourceTree = "<group>"; };
		B24D23961BB6ED9400B2833F /* AppDelegate.h */ = {isa = PBXFileReference; lastKnownFileType = sourcecode.c.h; path = AppDelegate.h; sourceTree = "<group>"; };
		B24D23971BB6ED9400B2833F /* AppDelegate.m */ = {isa = PBXFileReference; lastKnownFileType = sourcecode.c.objc; path = AppDelegate.m; sourceTree = "<group>"; };
		B24D23991BB6ED9400B2833F /* MainViewController.h */ = {isa = PBXFileReference; lastKnownFileType = sourcecode.c.h; path = MainViewController.h; sourceTree = "<group>"; };
		B24D239A1BB6ED9400B2833F /* MainViewController.m */ = {isa = PBXFileReference; lastKnownFileType = sourcecode.c.objc; path = MainViewController.m; sourceTree = "<group>"; };
		B24D239D1BB6ED9400B2833F /* Base */ = {isa = PBXFileReference; lastKnownFileType = file.storyboard; name = Base; path = Base.lproj/Main.storyboard; sourceTree = "<group>"; };
		B24D239F1BB6ED9400B2833F /* Assets.xcassets */ = {isa = PBXFileReference; lastKnownFileType = folder.assetcatalog; path = Assets.xcassets; sourceTree = "<group>"; };
		B24D23A21BB6ED9400B2833F /* Base */ = {isa = PBXFileReference; lastKnownFileType = file.storyboard; name = Base; path = Base.lproj/LaunchScreen.storyboard; sourceTree = "<group>"; };
		B24D23A41BB6ED9400B2833F /* Info.plist */ = {isa = PBXFileReference; lastKnownFileType = text.plist.xml; path = Info.plist; sourceTree = "<group>"; };
		B24D23A91BB6ED9400B2833F /* OHFTheMenTestAppTests.xctest */ = {isa = PBXFileReference; explicitFileType = wrapper.cfbundle; includeInIndex = 0; path = OHFTheMenTestAppTests.xctest; sourceTree = BUILT_PRODUCTS_DIR; };
		B24D23AD1BB6ED9400B2833F /* OHFTheMenTestAppTests.m */ = {isa = PBXFileReference; lastKnownFileType = sourcecode.c.objc; path = OHFTheMenTestAppTests.m; sourceTree = "<group>"; };
		B24D23AF1BB6ED9400B2833F /* Info.plist */ = {isa = PBXFileReference; lastKnownFileType = text.plist.xml; path = Info.plist; sourceTree = "<group>"; };
		B24D23B41BB6ED9400B2833F /* OHFTheMenTestAppUITests.xctest */ = {isa = PBXFileReference; explicitFileType = wrapper.cfbundle; includeInIndex = 0; path = OHFTheMenTestAppUITests.xctest; sourceTree = BUILT_PRODUCTS_DIR; };
		B24D23B81BB6ED9400B2833F /* OHFTheMenTestAppUITests.m */ = {isa = PBXFileReference; lastKnownFileType = sourcecode.c.objc; path = OHFTheMenTestAppUITests.m; sourceTree = "<group>"; };
		B24D23BA1BB6ED9400B2833F /* Info.plist */ = {isa = PBXFileReference; lastKnownFileType = text.plist.xml; path = Info.plist; sourceTree = "<group>"; };
		B26C20841BB718520075BF4F /* QuartzCore.framework */ = {isa = PBXFileReference; lastKnownFileType = wrapper.framework; name = QuartzCore.framework; path = System/Library/Frameworks/QuartzCore.framework; sourceTree = SDKROOT; };
		B2B0F3321BB6F0B500BD7E08 /* ClarifaiClient.h */ = {isa = PBXFileReference; fileEncoding = 4; lastKnownFileType = sourcecode.c.h; path = ClarifaiClient.h; sourceTree = "<group>"; };
		B2B0F3331BB6F0B500BD7E08 /* ClarifaiClient.m */ = {isa = PBXFileReference; fileEncoding = 4; lastKnownFileType = sourcecode.c.objc; path = ClarifaiClient.m; sourceTree = "<group>"; };
		B2B0F3341BB6F0B500BD7E08 /* ClarifaiClientFactory.h */ = {isa = PBXFileReference; fileEncoding = 4; lastKnownFileType = sourcecode.c.h; path = ClarifaiClientFactory.h; sourceTree = "<group>"; };
		B2B0F3351BB6F0B500BD7E08 /* ClarifaiClientFactory.m */ = {isa = PBXFileReference; fileEncoding = 4; lastKnownFileType = sourcecode.c.objc; path = ClarifaiClientFactory.m; sourceTree = "<group>"; };
		B2B0F3361BB6F0B500BD7E08 /* ImageProcessor.h */ = {isa = PBXFileReference; fileEncoding = 4; lastKnownFileType = sourcecode.c.h; path = ImageProcessor.h; sourceTree = "<group>"; };
		B2B0F3371BB6F0B500BD7E08 /* ImageProcessor.m */ = {isa = PBXFileReference; fileEncoding = 4; lastKnownFileType = sourcecode.c.objc; path = ImageProcessor.m; sourceTree = "<group>"; };
		B2B0F33B1BB6F0BD00BD7E08 /* Settings.h */ = {isa = PBXFileReference; lastKnownFileType = sourcecode.c.h; path = Settings.h; sourceTree = "<group>"; };
		B2B0F33F1BB6F14E00BD7E08 /* Localizable.strings */ = {isa = PBXFileReference; fileEncoding = 4; lastKnownFileType = text.plist.strings; path = Localizable.strings; sourceTree = "<group>"; };
		B2B0F3421BB6FA7700BD7E08 /* IMGResponseSerializer.h */ = {isa = PBXFileReference; fileEncoding = 4; lastKnownFileType = sourcecode.c.h; path = IMGResponseSerializer.h; sourceTree = "<group>"; };
		B2B0F3431BB6FA7700BD7E08 /* IMGResponseSerializer.m */ = {isa = PBXFileReference; fileEncoding = 4; lastKnownFileType = sourcecode.c.objc; path = IMGResponseSerializer.m; sourceTree = "<group>"; };
		B2B0F3441BB6FA7700BD7E08 /* IMGSession.h */ = {isa = PBXFileReference; fileEncoding = 4; lastKnownFileType = sourcecode.c.h; path = IMGSession.h; sourceTree = "<group>"; };
		B2B0F3451BB6FA7700BD7E08 /* IMGSession.m */ = {isa = PBXFileReference; fileEncoding = 4; lastKnownFileType = sourcecode.c.objc; path = IMGSession.m; sourceTree = "<group>"; };
		B2B0F3461BB6FA7700BD7E08 /* ImgurSession.h */ = {isa = PBXFileReference; fileEncoding = 4; lastKnownFileType = sourcecode.c.h; path = ImgurSession.h; sourceTree = "<group>"; };
		B2B0F3481BB6FA7700BD7E08 /* IMGAccount.h */ = {isa = PBXFileReference; fileEncoding = 4; lastKnownFileType = sourcecode.c.h; path = IMGAccount.h; sourceTree = "<group>"; };
		B2B0F3491BB6FA7700BD7E08 /* IMGAccount.m */ = {isa = PBXFileReference; fileEncoding = 4; lastKnownFileType = sourcecode.c.objc; path = IMGAccount.m; sourceTree = "<group>"; };
		B2B0F34A1BB6FA7700BD7E08 /* IMGAccountSettings.h */ = {isa = PBXFileReference; fileEncoding = 4; lastKnownFileType = sourcecode.c.h; path = IMGAccountSettings.h; sourceTree = "<group>"; };
		B2B0F34B1BB6FA7700BD7E08 /* IMGAccountSettings.m */ = {isa = PBXFileReference; fileEncoding = 4; lastKnownFileType = sourcecode.c.objc; path = IMGAccountSettings.m; sourceTree = "<group>"; };
		B2B0F34C1BB6FA7700BD7E08 /* IMGAlbum.h */ = {isa = PBXFileReference; fileEncoding = 4; lastKnownFileType = sourcecode.c.h; path = IMGAlbum.h; sourceTree = "<group>"; };
		B2B0F34D1BB6FA7700BD7E08 /* IMGAlbum.m */ = {isa = PBXFileReference; fileEncoding = 4; lastKnownFileType = sourcecode.c.objc; path = IMGAlbum.m; sourceTree = "<group>"; };
		B2B0F34E1BB6FA7700BD7E08 /* IMGBasicAlbum.h */ = {isa = PBXFileReference; fileEncoding = 4; lastKnownFileType = sourcecode.c.h; path = IMGBasicAlbum.h; sourceTree = "<group>"; };
		B2B0F34F1BB6FA7700BD7E08 /* IMGBasicAlbum.m */ = {isa = PBXFileReference; fileEncoding = 4; lastKnownFileType = sourcecode.c.objc; path = IMGBasicAlbum.m; sourceTree = "<group>"; };
		B2B0F3501BB6FA7700BD7E08 /* IMGComment.h */ = {isa = PBXFileReference; fileEncoding = 4; lastKnownFileType = sourcecode.c.h; path = IMGComment.h; sourceTree = "<group>"; };
		B2B0F3511BB6FA7700BD7E08 /* IMGComment.m */ = {isa = PBXFileReference; fileEncoding = 4; lastKnownFileType = sourcecode.c.objc; path = IMGComment.m; sourceTree = "<group>"; };
		B2B0F3521BB6FA7700BD7E08 /* IMGConversation.h */ = {isa = PBXFileReference; fileEncoding = 4; lastKnownFileType = sourcecode.c.h; path = IMGConversation.h; sourceTree = "<group>"; };
		B2B0F3531BB6FA7700BD7E08 /* IMGConversation.m */ = {isa = PBXFileReference; fileEncoding = 4; lastKnownFileType = sourcecode.c.objc; path = IMGConversation.m; sourceTree = "<group>"; };
		B2B0F3541BB6FA7700BD7E08 /* IMGGalleryAlbum.h */ = {isa = PBXFileReference; fileEncoding = 4; lastKnownFileType = sourcecode.c.h; path = IMGGalleryAlbum.h; sourceTree = "<group>"; };
		B2B0F3551BB6FA7700BD7E08 /* IMGGalleryAlbum.m */ = {isa = PBXFileReference; fileEncoding = 4; lastKnownFileType = sourcecode.c.objc; path = IMGGalleryAlbum.m; sourceTree = "<group>"; };
		B2B0F3561BB6FA7700BD7E08 /* IMGGalleryImage.h */ = {isa = PBXFileReference; fileEncoding = 4; lastKnownFileType = sourcecode.c.h; path = IMGGalleryImage.h; sourceTree = "<group>"; };
		B2B0F3571BB6FA7700BD7E08 /* IMGGalleryImage.m */ = {isa = PBXFileReference; fileEncoding = 4; lastKnownFileType = sourcecode.c.objc; path = IMGGalleryImage.m; sourceTree = "<group>"; };
		B2B0F3581BB6FA7700BD7E08 /* IMGGalleryObject.h */ = {isa = PBXFileReference; fileEncoding = 4; lastKnownFileType = sourcecode.c.h; path = IMGGalleryObject.h; sourceTree = "<group>"; };
		B2B0F3591BB6FA7700BD7E08 /* IMGGalleryProfile.h */ = {isa = PBXFileReference; fileEncoding = 4; lastKnownFileType = sourcecode.c.h; path = IMGGalleryProfile.h; sourceTree = "<group>"; };
		B2B0F35A1BB6FA7700BD7E08 /* IMGGalleryProfile.m */ = {isa = PBXFileReference; fileEncoding = 4; lastKnownFileType = sourcecode.c.objc; path = IMGGalleryProfile.m; sourceTree = "<group>"; };
		B2B0F35B1BB6FA7700BD7E08 /* IMGImage.h */ = {isa = PBXFileReference; fileEncoding = 4; lastKnownFileType = sourcecode.c.h; path = IMGImage.h; sourceTree = "<group>"; };
		B2B0F35C1BB6FA7700BD7E08 /* IMGImage.m */ = {isa = PBXFileReference; fileEncoding = 4; lastKnownFileType = sourcecode.c.objc; path = IMGImage.m; sourceTree = "<group>"; };
		B2B0F35D1BB6FA7700BD7E08 /* IMGMeme.h */ = {isa = PBXFileReference; fileEncoding = 4; lastKnownFileType = sourcecode.c.h; path = IMGMeme.h; sourceTree = "<group>"; };
		B2B0F35E1BB6FA7700BD7E08 /* IMGMeme.m */ = {isa = PBXFileReference; fileEncoding = 4; lastKnownFileType = sourcecode.c.objc; path = IMGMeme.m; sourceTree = "<group>"; };
		B2B0F35F1BB6FA7700BD7E08 /* IMGMessage.h */ = {isa = PBXFileReference; fileEncoding = 4; lastKnownFileType = sourcecode.c.h; path = IMGMessage.h; sourceTree = "<group>"; };
		B2B0F3601BB6FA7700BD7E08 /* IMGMessage.m */ = {isa = PBXFileReference; fileEncoding = 4; lastKnownFileType = sourcecode.c.objc; path = IMGMessage.m; sourceTree = "<group>"; };
		B2B0F3611BB6FA7700BD7E08 /* IMGModel.h */ = {isa = PBXFileReference; fileEncoding = 4; lastKnownFileType = sourcecode.c.h; path = IMGModel.h; sourceTree = "<group>"; };
		B2B0F3621BB6FA7700BD7E08 /* IMGModel.m */ = {isa = PBXFileReference; fileEncoding = 4; lastKnownFileType = sourcecode.c.objc; path = IMGModel.m; sourceTree = "<group>"; };
		B2B0F3631BB6FA7700BD7E08 /* IMGNotification.h */ = {isa = PBXFileReference; fileEncoding = 4; lastKnownFileType = sourcecode.c.h; path = IMGNotification.h; sourceTree = "<group>"; };
		B2B0F3641BB6FA7700BD7E08 /* IMGNotification.m */ = {isa = PBXFileReference; fileEncoding = 4; lastKnownFileType = sourcecode.c.objc; path = IMGNotification.m; sourceTree = "<group>"; };
		B2B0F3651BB6FA7700BD7E08 /* IMGObject.h */ = {isa = PBXFileReference; fileEncoding = 4; lastKnownFileType = sourcecode.c.h; path = IMGObject.h; sourceTree = "<group>"; };
		B2B0F3661BB6FA7700BD7E08 /* IMGVote.h */ = {isa = PBXFileReference; fileEncoding = 4; lastKnownFileType = sourcecode.c.h; path = IMGVote.h; sourceTree = "<group>"; };
		B2B0F3671BB6FA7700BD7E08 /* IMGVote.m */ = {isa = PBXFileReference; fileEncoding = 4; lastKnownFileType = sourcecode.c.objc; path = IMGVote.m; sourceTree = "<group>"; };
		B2B0F3681BB6FA7700BD7E08 /* NSDictionary+IMG.h */ = {isa = PBXFileReference; fileEncoding = 4; lastKnownFileType = sourcecode.c.h; path = "NSDictionary+IMG.h"; sourceTree = "<group>"; };
		B2B0F3691BB6FA7700BD7E08 /* NSDictionary+IMG.m */ = {isa = PBXFileReference; fileEncoding = 4; lastKnownFileType = sourcecode.c.objc; path = "NSDictionary+IMG.m"; sourceTree = "<group>"; };
		B2B0F36A1BB6FA7700BD7E08 /* NSError+IMGError.h */ = {isa = PBXFileReference; fileEncoding = 4; lastKnownFileType = sourcecode.c.h; path = "NSError+IMGError.h"; sourceTree = "<group>"; };
		B2B0F36B1BB6FA7700BD7E08 /* NSError+IMGError.m */ = {isa = PBXFileReference; fileEncoding = 4; lastKnownFileType = sourcecode.c.objc; path = "NSError+IMGError.m"; sourceTree = "<group>"; };
		B2B0F36D1BB6FA7700BD7E08 /* IMGAccountRequest.h */ = {isa = PBXFileReference; fileEncoding = 4; lastKnownFileType = sourcecode.c.h; path = IMGAccountRequest.h; sourceTree = "<group>"; };
		B2B0F36E1BB6FA7700BD7E08 /* IMGAccountRequest.m */ = {isa = PBXFileReference; fileEncoding = 4; lastKnownFileType = sourcecode.c.objc; path = IMGAccountRequest.m; sourceTree = "<group>"; };
		B2B0F36F1BB6FA7700BD7E08 /* IMGAlbumRequest.h */ = {isa = PBXFileReference; fileEncoding = 4; lastKnownFileType = sourcecode.c.h; path = IMGAlbumRequest.h; sourceTree = "<group>"; };
		B2B0F3701BB6FA7700BD7E08 /* IMGAlbumRequest.m */ = {isa = PBXFileReference; fileEncoding = 4; lastKnownFileType = sourcecode.c.objc; path = IMGAlbumRequest.m; sourceTree = "<group>"; };
		B2B0F3711BB6FA7700BD7E08 /* IMGCommentRequest.h */ = {isa = PBXFileReference; fileEncoding = 4; lastKnownFileType = sourcecode.c.h; path = IMGCommentRequest.h; sourceTree = "<group>"; };
		B2B0F3721BB6FA7700BD7E08 /* IMGCommentRequest.m */ = {isa = PBXFileReference; fileEncoding = 4; lastKnownFileType = sourcecode.c.objc; path = IMGCommentRequest.m; sourceTree = "<group>"; };
		B2B0F3731BB6FA7700BD7E08 /* IMGConversationRequest.h */ = {isa = PBXFileReference; fileEncoding = 4; lastKnownFileType = sourcecode.c.h; path = IMGConversationRequest.h; sourceTree = "<group>"; };
		B2B0F3741BB6FA7700BD7E08 /* IMGConversationRequest.m */ = {isa = PBXFileReference; fileEncoding = 4; lastKnownFileType = sourcecode.c.objc; path = IMGConversationRequest.m; sourceTree = "<group>"; };
		B2B0F3751BB6FA7700BD7E08 /* IMGEndpoint.h */ = {isa = PBXFileReference; fileEncoding = 4; lastKnownFileType = sourcecode.c.h; path = IMGEndpoint.h; sourceTree = "<group>"; };
		B2B0F3761BB6FA7700BD7E08 /* IMGEndpoint.m */ = {isa = PBXFileReference; fileEncoding = 4; lastKnownFileType = sourcecode.c.objc; path = IMGEndpoint.m; sourceTree = "<group>"; };
		B2B0F3771BB6FA7700BD7E08 /* IMGGalleryRequest.h */ = {isa = PBXFileReference; fileEncoding = 4; lastKnownFileType = sourcecode.c.h; path = IMGGalleryRequest.h; sourceTree = "<group>"; };
		B2B0F3781BB6FA7700BD7E08 /* IMGGalleryRequest.m */ = {isa = PBXFileReference; fileEncoding = 4; lastKnownFileType = sourcecode.c.objc; path = IMGGalleryRequest.m; sourceTree = "<group>"; };
		B2B0F3791BB6FA7700BD7E08 /* IMGImageRequest.h */ = {isa = PBXFileReference; fileEncoding = 4; lastKnownFileType = sourcecode.c.h; path = IMGImageRequest.h; sourceTree = "<group>"; };
		B2B0F37A1BB6FA7700BD7E08 /* IMGImageRequest.m */ = {isa = PBXFileReference; fileEncoding = 4; lastKnownFileType = sourcecode.c.objc; path = IMGImageRequest.m; sourceTree = "<group>"; };
		B2B0F37B1BB6FA7700BD7E08 /* IMGMemeGen.h */ = {isa = PBXFileReference; fileEncoding = 4; lastKnownFileType = sourcecode.c.h; path = IMGMemeGen.h; sourceTree = "<group>"; };
		B2B0F37C1BB6FA7700BD7E08 /* IMGMemeGen.m */ = {isa = PBXFileReference; fileEncoding = 4; lastKnownFileType = sourcecode.c.objc; path = IMGMemeGen.m; sourceTree = "<group>"; };
		B2B0F37D1BB6FA7700BD7E08 /* IMGNotificationRequest.h */ = {isa = PBXFileReference; fileEncoding = 4; lastKnownFileType = sourcecode.c.h; path = IMGNotificationRequest.h; sourceTree = "<group>"; };
		B2B0F37E1BB6FA7700BD7E08 /* IMGNotificationRequest.m */ = {isa = PBXFileReference; fileEncoding = 4; lastKnownFileType = sourcecode.c.objc; path = IMGNotificationRequest.m; sourceTree = "<group>"; };
		B2B0F39B1BB709DE00BD7E08 /* SBPodfile */ = {isa = PBXFileReference; fileEncoding = 4; lastKnownFileType = text; path = SBPodfile; sourceTree = SOURCE_ROOT; };
/* End PBXFileReference section */

/* Begin PBXFrameworksBuildPhase section */
		B24D238D1BB6ED9400B2833F /* Frameworks */ = {
			isa = PBXFrameworksBuildPhase;
			buildActionMask = 2147483647;
			files = (
				B26C20851BB718520075BF4F /* QuartzCore.framework in Frameworks */,
				B6FAE38A8772799A2F65B523 /* libPods-OHFTheMenTestApp.a in Frameworks */,
			);
			runOnlyForDeploymentPostprocessing = 0;
		};
		B24D23A61BB6ED9400B2833F /* Frameworks */ = {
			isa = PBXFrameworksBuildPhase;
			buildActionMask = 2147483647;
			files = (
			);
			runOnlyForDeploymentPostprocessing = 0;
		};
		B24D23B11BB6ED9400B2833F /* Frameworks */ = {
			isa = PBXFrameworksBuildPhase;
			buildActionMask = 2147483647;
			files = (
			);
			runOnlyForDeploymentPostprocessing = 0;
		};
/* End PBXFrameworksBuildPhase section */

/* Begin PBXGroup section */
		1B74EE41170E243C69F8F611 /* Frameworks */ = {
			isa = PBXGroup;
			children = (
				B26C20841BB718520075BF4F /* QuartzCore.framework */,
				A546449F2D0BEB8063C7DA17 /* libPods-OHFTheMenTestApp.a */,
			);
			name = Frameworks;
			sourceTree = "<group>";
		};
		98F07AF8D64B06A8E613F6B9 /* Pods */ = {
			isa = PBXGroup;
			children = (
				918F1B8234062EA120E2AEFC /* Pods-OHFTheMenTestApp.debug.xcconfig */,
				550567A43F385025BB30E533 /* Pods-OHFTheMenTestApp.release.xcconfig */,
			);
			name = Pods;
			sourceTree = "<group>";
		};
		B24D23871BB6ED9400B2833F = {
			isa = PBXGroup;
			children = (
				B24D23921BB6ED9400B2833F /* OHFTheMenTestApp */,
				B24D23AC1BB6ED9400B2833F /* OHFTheMenTestAppTests */,
				B24D23B71BB6ED9400B2833F /* OHFTheMenTestAppUITests */,
				B24D23911BB6ED9400B2833F /* Products */,
				98F07AF8D64B06A8E613F6B9 /* Pods */,
				1B74EE41170E243C69F8F611 /* Frameworks */,
			);
			sourceTree = "<group>";
		};
		B24D23911BB6ED9400B2833F /* Products */ = {
			isa = PBXGroup;
			children = (
				B24D23901BB6ED9400B2833F /* OHFTheMenTestApp.app */,
				B24D23A91BB6ED9400B2833F /* OHFTheMenTestAppTests.xctest */,
				B24D23B41BB6ED9400B2833F /* OHFTheMenTestAppUITests.xctest */,
			);
			name = Products;
			sourceTree = "<group>";
		};
		B24D23921BB6ED9400B2833F /* OHFTheMenTestApp */ = {
			isa = PBXGroup;
			children = (
				B2B0F39B1BB709DE00BD7E08 /* SBPodfile */,
				B2B0F32F1BB6EFF100BD7E08 /* Assets */,
				B2B0F32D1BB6EFC100BD7E08 /* Code */,
				B2B0F3301BB6EFF800BD7E08 /* External */,
				B24D23931BB6ED9400B2833F /* Supporting Files */,
			);
			path = OHFTheMenTestApp;
			sourceTree = "<group>";
		};
		B24D23931BB6ED9400B2833F /* Supporting Files */ = {
			isa = PBXGroup;
			children = (
				B24D23A41BB6ED9400B2833F /* Info.plist */,
				B24D23A11BB6ED9400B2833F /* LaunchScreen.storyboard */,
				B24D239C1BB6ED9400B2833F /* Main.storyboard */,
				B24D23941BB6ED9400B2833F /* main.m */,
				B2B0F33F1BB6F14E00BD7E08 /* Localizable.strings */,
			);
			name = "Supporting Files";
			sourceTree = "<group>";
		};
		B24D23AC1BB6ED9400B2833F /* OHFTheMenTestAppTests */ = {
			isa = PBXGroup;
			children = (
				B24D23AD1BB6ED9400B2833F /* OHFTheMenTestAppTests.m */,
				B24D23AF1BB6ED9400B2833F /* Info.plist */,
			);
			path = OHFTheMenTestAppTests;
			sourceTree = "<group>";
		};
		B24D23B71BB6ED9400B2833F /* OHFTheMenTestAppUITests */ = {
			isa = PBXGroup;
			children = (
				B24D23B81BB6ED9400B2833F /* OHFTheMenTestAppUITests.m */,
				B24D23BA1BB6ED9400B2833F /* Info.plist */,
			);
			path = OHFTheMenTestAppUITests;
			sourceTree = "<group>";
		};
		B2B0F32C1BB6EF5000BD7E08 /* AppDelegate */ = {
			isa = PBXGroup;
			children = (
				B24D23961BB6ED9400B2833F /* AppDelegate.h */,
				B24D23971BB6ED9400B2833F /* AppDelegate.m */,
			);
			name = AppDelegate;
			sourceTree = "<group>";
		};
		B2B0F32D1BB6EFC100BD7E08 /* Code */ = {
			isa = PBXGroup;
			children = (
				B2B0F33B1BB6F0BD00BD7E08 /* Settings.h */,
				B2B0F32C1BB6EF5000BD7E08 /* AppDelegate */,
				B2B0F33D1BB6F0F100BD7E08 /* ClarifaiClientFactory */,
				B2B0F33E1BB6F0F800BD7E08 /* ImageProcessor */,
				B2B0F32E1BB6EFCA00BD7E08 /* MainViewController */,
			);
			name = Code;
			sourceTree = "<group>";
		};
		B2B0F32E1BB6EFCA00BD7E08 /* MainViewController */ = {
			isa = PBXGroup;
			children = (
				B24D23991BB6ED9400B2833F /* MainViewController.h */,
				B24D239A1BB6ED9400B2833F /* MainViewController.m */,
			);
			name = MainViewController;
			sourceTree = "<group>";
		};
		B2B0F32F1BB6EFF100BD7E08 /* Assets */ = {
			isa = PBXGroup;
			children = (
				B24D239F1BB6ED9400B2833F /* Assets.xcassets */,
			);
			name = Assets;
			sourceTree = "<group>";
		};
		B2B0F3301BB6EFF800BD7E08 /* External */ = {
			isa = PBXGroup;
			children = (
				B2B0F33C1BB6F0EA00BD7E08 /* ClarifaiClient */,
				B2B0F3411BB6FA7700BD7E08 /* ImgurSession */,
			);
			name = External;
			sourceTree = "<group>";
		};
		B2B0F33C1BB6F0EA00BD7E08 /* ClarifaiClient */ = {
			isa = PBXGroup;
			children = (
				B2B0F3321BB6F0B500BD7E08 /* ClarifaiClient.h */,
				B2B0F3331BB6F0B500BD7E08 /* ClarifaiClient.m */,
			);
			name = ClarifaiClient;
			sourceTree = "<group>";
		};
		B2B0F33D1BB6F0F100BD7E08 /* ClarifaiClientFactory */ = {
			isa = PBXGroup;
			children = (
				B2B0F3341BB6F0B500BD7E08 /* ClarifaiClientFactory.h */,
				B2B0F3351BB6F0B500BD7E08 /* ClarifaiClientFactory.m */,
			);
			name = ClarifaiClientFactory;
			sourceTree = "<group>";
		};
		B2B0F33E1BB6F0F800BD7E08 /* ImageProcessor */ = {
			isa = PBXGroup;
			children = (
				B2B0F3361BB6F0B500BD7E08 /* ImageProcessor.h */,
				B2B0F3371BB6F0B500BD7E08 /* ImageProcessor.m */,
			);
			name = ImageProcessor;
			sourceTree = "<group>";
		};
		B2B0F3411BB6FA7700BD7E08 /* ImgurSession */ = {
			isa = PBXGroup;
			children = (
				B2B0F3421BB6FA7700BD7E08 /* IMGResponseSerializer.h */,
				B2B0F3431BB6FA7700BD7E08 /* IMGResponseSerializer.m */,
				B2B0F3441BB6FA7700BD7E08 /* IMGSession.h */,
				B2B0F3451BB6FA7700BD7E08 /* IMGSession.m */,
				B2B0F3461BB6FA7700BD7E08 /* ImgurSession.h */,
				B2B0F3471BB6FA7700BD7E08 /* Models */,
				B2B0F3681BB6FA7700BD7E08 /* NSDictionary+IMG.h */,
				B2B0F3691BB6FA7700BD7E08 /* NSDictionary+IMG.m */,
				B2B0F36A1BB6FA7700BD7E08 /* NSError+IMGError.h */,
				B2B0F36B1BB6FA7700BD7E08 /* NSError+IMGError.m */,
				B2B0F36C1BB6FA7700BD7E08 /* Requests */,
			);
			path = ImgurSession;
			sourceTree = "<group>";
		};
		B2B0F3471BB6FA7700BD7E08 /* Models */ = {
			isa = PBXGroup;
			children = (
				B2B0F3481BB6FA7700BD7E08 /* IMGAccount.h */,
				B2B0F3491BB6FA7700BD7E08 /* IMGAccount.m */,
				B2B0F34A1BB6FA7700BD7E08 /* IMGAccountSettings.h */,
				B2B0F34B1BB6FA7700BD7E08 /* IMGAccountSettings.m */,
				B2B0F34C1BB6FA7700BD7E08 /* IMGAlbum.h */,
				B2B0F34D1BB6FA7700BD7E08 /* IMGAlbum.m */,
				B2B0F34E1BB6FA7700BD7E08 /* IMGBasicAlbum.h */,
				B2B0F34F1BB6FA7700BD7E08 /* IMGBasicAlbum.m */,
				B2B0F3501BB6FA7700BD7E08 /* IMGComment.h */,
				B2B0F3511BB6FA7700BD7E08 /* IMGComment.m */,
				B2B0F3521BB6FA7700BD7E08 /* IMGConversation.h */,
				B2B0F3531BB6FA7700BD7E08 /* IMGConversation.m */,
				B2B0F3541BB6FA7700BD7E08 /* IMGGalleryAlbum.h */,
				B2B0F3551BB6FA7700BD7E08 /* IMGGalleryAlbum.m */,
				B2B0F3561BB6FA7700BD7E08 /* IMGGalleryImage.h */,
				B2B0F3571BB6FA7700BD7E08 /* IMGGalleryImage.m */,
				B2B0F3581BB6FA7700BD7E08 /* IMGGalleryObject.h */,
				B2B0F3591BB6FA7700BD7E08 /* IMGGalleryProfile.h */,
				B2B0F35A1BB6FA7700BD7E08 /* IMGGalleryProfile.m */,
				B2B0F35B1BB6FA7700BD7E08 /* IMGImage.h */,
				B2B0F35C1BB6FA7700BD7E08 /* IMGImage.m */,
				B2B0F35D1BB6FA7700BD7E08 /* IMGMeme.h */,
				B2B0F35E1BB6FA7700BD7E08 /* IMGMeme.m */,
				B2B0F35F1BB6FA7700BD7E08 /* IMGMessage.h */,
				B2B0F3601BB6FA7700BD7E08 /* IMGMessage.m */,
				B2B0F3611BB6FA7700BD7E08 /* IMGModel.h */,
				B2B0F3621BB6FA7700BD7E08 /* IMGModel.m */,
				B2B0F3631BB6FA7700BD7E08 /* IMGNotification.h */,
				B2B0F3641BB6FA7700BD7E08 /* IMGNotification.m */,
				B2B0F3651BB6FA7700BD7E08 /* IMGObject.h */,
				B2B0F3661BB6FA7700BD7E08 /* IMGVote.h */,
				B2B0F3671BB6FA7700BD7E08 /* IMGVote.m */,
			);
			path = Models;
			sourceTree = "<group>";
		};
		B2B0F36C1BB6FA7700BD7E08 /* Requests */ = {
			isa = PBXGroup;
			children = (
				B2B0F36D1BB6FA7700BD7E08 /* IMGAccountRequest.h */,
				B2B0F36E1BB6FA7700BD7E08 /* IMGAccountRequest.m */,
				B2B0F36F1BB6FA7700BD7E08 /* IMGAlbumRequest.h */,
				B2B0F3701BB6FA7700BD7E08 /* IMGAlbumRequest.m */,
				B2B0F3711BB6FA7700BD7E08 /* IMGCommentRequest.h */,
				B2B0F3721BB6FA7700BD7E08 /* IMGCommentRequest.m */,
				B2B0F3731BB6FA7700BD7E08 /* IMGConversationRequest.h */,
				B2B0F3741BB6FA7700BD7E08 /* IMGConversationRequest.m */,
				B2B0F3751BB6FA7700BD7E08 /* IMGEndpoint.h */,
				B2B0F3761BB6FA7700BD7E08 /* IMGEndpoint.m */,
				B2B0F3771BB6FA7700BD7E08 /* IMGGalleryRequest.h */,
				B2B0F3781BB6FA7700BD7E08 /* IMGGalleryRequest.m */,
				B2B0F3791BB6FA7700BD7E08 /* IMGImageRequest.h */,
				B2B0F37A1BB6FA7700BD7E08 /* IMGImageRequest.m */,
				B2B0F37B1BB6FA7700BD7E08 /* IMGMemeGen.h */,
				B2B0F37C1BB6FA7700BD7E08 /* IMGMemeGen.m */,
				B2B0F37D1BB6FA7700BD7E08 /* IMGNotificationRequest.h */,
				B2B0F37E1BB6FA7700BD7E08 /* IMGNotificationRequest.m */,
			);
			path = Requests;
			sourceTree = "<group>";
		};
/* End PBXGroup section */

/* Begin PBXNativeTarget section */
		B24D238F1BB6ED9400B2833F /* OHFTheMenTestApp */ = {
			isa = PBXNativeTarget;
			buildConfigurationList = B24D23BD1BB6ED9400B2833F /* Build configuration list for PBXNativeTarget "OHFTheMenTestApp" */;
			buildPhases = (
				00223AA4D1849E815E190393 /* Check Pods Manifest.lock */,
				B24D238C1BB6ED9400B2833F /* Sources */,
				B24D238D1BB6ED9400B2833F /* Frameworks */,
				B24D238E1BB6ED9400B2833F /* Resources */,
				49CE7E7F4851C6EB310FA4F9 /* Copy Pods Resources */,
				B2B0F3311BB6F05500BD7E08 /* ShellScript */,
			);
			buildRules = (
			);
			dependencies = (
			);
			name = OHFTheMenTestApp;
			productName = OHFTheMenTestApp;
			productReference = B24D23901BB6ED9400B2833F /* OHFTheMenTestApp.app */;
			productType = "com.apple.product-type.application";
		};
		B24D23A81BB6ED9400B2833F /* OHFTheMenTestAppTests */ = {
			isa = PBXNativeTarget;
			buildConfigurationList = B24D23C01BB6ED9400B2833F /* Build configuration list for PBXNativeTarget "OHFTheMenTestAppTests" */;
			buildPhases = (
				B24D23A51BB6ED9400B2833F /* Sources */,
				B24D23A61BB6ED9400B2833F /* Frameworks */,
				B24D23A71BB6ED9400B2833F /* Resources */,
			);
			buildRules = (
			);
			dependencies = (
				B24D23AB1BB6ED9400B2833F /* PBXTargetDependency */,
			);
			name = OHFTheMenTestAppTests;
			productName = OHFTheMenTestAppTests;
			productReference = B24D23A91BB6ED9400B2833F /* OHFTheMenTestAppTests.xctest */;
			productType = "com.apple.product-type.bundle.unit-test";
		};
		B24D23B31BB6ED9400B2833F /* OHFTheMenTestAppUITests */ = {
			isa = PBXNativeTarget;
			buildConfigurationList = B24D23C31BB6ED9400B2833F /* Build configuration list for PBXNativeTarget "OHFTheMenTestAppUITests" */;
			buildPhases = (
				B24D23B01BB6ED9400B2833F /* Sources */,
				B24D23B11BB6ED9400B2833F /* Frameworks */,
				B24D23B21BB6ED9400B2833F /* Resources */,
			);
			buildRules = (
			);
			dependencies = (
				B24D23B61BB6ED9400B2833F /* PBXTargetDependency */,
			);
			name = OHFTheMenTestAppUITests;
			productName = OHFTheMenTestAppUITests;
			productReference = B24D23B41BB6ED9400B2833F /* OHFTheMenTestAppUITests.xctest */;
			productType = "com.apple.product-type.bundle.ui-testing";
		};
/* End PBXNativeTarget section */

/* Begin PBXProject section */
		B24D23881BB6ED9400B2833F /* Project object */ = {
			isa = PBXProject;
			attributes = {
				LastUpgradeCheck = 0700;
				ORGANIZATIONNAME = "Socialbit GmbH";
				TargetAttributes = {
					B24D238F1BB6ED9400B2833F = {
						CreatedOnToolsVersion = 7.0;
					};
					B24D23A81BB6ED9400B2833F = {
						CreatedOnToolsVersion = 7.0;
						TestTargetID = B24D238F1BB6ED9400B2833F;
					};
					B24D23B31BB6ED9400B2833F = {
						CreatedOnToolsVersion = 7.0;
						TestTargetID = B24D238F1BB6ED9400B2833F;
					};
				};
			};
			buildConfigurationList = B24D238B1BB6ED9400B2833F /* Build configuration list for PBXProject "OHFTheMenTestApp" */;
			compatibilityVersion = "Xcode 3.2";
			developmentRegion = English;
			hasScannedForEncodings = 0;
			knownRegions = (
				en,
				Base,
			);
			mainGroup = B24D23871BB6ED9400B2833F;
			productRefGroup = B24D23911BB6ED9400B2833F /* Products */;
			projectDirPath = "";
			projectRoot = "";
			targets = (
				B24D238F1BB6ED9400B2833F /* OHFTheMenTestApp */,
				B24D23A81BB6ED9400B2833F /* OHFTheMenTestAppTests */,
				B24D23B31BB6ED9400B2833F /* OHFTheMenTestAppUITests */,
			);
		};
/* End PBXProject section */

/* Begin PBXResourcesBuildPhase section */
		B24D238E1BB6ED9400B2833F /* Resources */ = {
			isa = PBXResourcesBuildPhase;
			buildActionMask = 2147483647;
			files = (
				B2B0F39C1BB709DE00BD7E08 /* SBPodfile in Resources */,
				B24D23A31BB6ED9400B2833F /* LaunchScreen.storyboard in Resources */,
				B2B0F3401BB6F14E00BD7E08 /* Localizable.strings in Resources */,
				B24D23A01BB6ED9400B2833F /* Assets.xcassets in Resources */,
				B24D239E1BB6ED9400B2833F /* Main.storyboard in Resources */,
			);
			runOnlyForDeploymentPostprocessing = 0;
		};
		B24D23A71BB6ED9400B2833F /* Resources */ = {
			isa = PBXResourcesBuildPhase;
			buildActionMask = 2147483647;
			files = (
			);
			runOnlyForDeploymentPostprocessing = 0;
		};
		B24D23B21BB6ED9400B2833F /* Resources */ = {
			isa = PBXResourcesBuildPhase;
			buildActionMask = 2147483647;
			files = (
			);
			runOnlyForDeploymentPostprocessing = 0;
		};
/* End PBXResourcesBuildPhase section */

/* Begin PBXShellScriptBuildPhase section */
		00223AA4D1849E815E190393 /* Check Pods Manifest.lock */ = {
			isa = PBXShellScriptBuildPhase;
			buildActionMask = 2147483647;
			files = (
			);
			inputPaths = (
			);
			name = "Check Pods Manifest.lock";
			outputPaths = (
			);
			runOnlyForDeploymentPostprocessing = 0;
			shellPath = /bin/sh;
			shellScript = "diff \"${PODS_ROOT}/../Podfile.lock\" \"${PODS_ROOT}/Manifest.lock\" > /dev/null\nif [[ $? != 0 ]] ; then\n    cat << EOM\nerror: The sandbox is not in sync with the Podfile.lock. Run 'pod install' or update your CocoaPods installation.\nEOM\n    exit 1\nfi\n";
			showEnvVarsInLog = 0;
		};
		49CE7E7F4851C6EB310FA4F9 /* Copy Pods Resources */ = {
			isa = PBXShellScriptBuildPhase;
			buildActionMask = 2147483647;
			files = (
			);
			inputPaths = (
			);
			name = "Copy Pods Resources";
			outputPaths = (
			);
			runOnlyForDeploymentPostprocessing = 0;
			shellPath = /bin/sh;
			shellScript = "\"${SRCROOT}/Pods/Target Support Files/Pods-OHFTheMenTestApp/Pods-OHFTheMenTestApp-resources.sh\"\n";
			showEnvVarsInLog = 0;
		};
		B2B0F3311BB6F05500BD7E08 /* ShellScript */ = {
			isa = PBXShellScriptBuildPhase;
			buildActionMask = 2147483647;
			files = (
			);
			inputPaths = (
			);
			outputPaths = (
			);
			runOnlyForDeploymentPostprocessing = 0;
			shellPath = /bin/sh;
			shellScript = "#!/bin/bash\nbuildNumber=$(/usr/libexec/PlistBuddy -c \"Print CFBundleVersion\" \"$INFOPLIST_FILE\")\nbuildNumber=$(($buildNumber + 1))\n/usr/libexec/PlistBuddy -c \"Set :CFBundleVersion $buildNumber\" \"$INFOPLIST_FILE\"";
		};
/* End PBXShellScriptBuildPhase section */

/* Begin PBXSourcesBuildPhase section */
		B24D238C1BB6ED9400B2833F /* Sources */ = {
			isa = PBXSourcesBuildPhase;
			buildActionMask = 2147483647;
			files = (
				B2B0F38B1BB6FA7700BD7E08 /* IMGMeme.m in Sources */,
				B2B0F38C1BB6FA7700BD7E08 /* IMGMessage.m in Sources */,
				B2B0F38E1BB6FA7700BD7E08 /* IMGNotification.m in Sources */,
				B2B0F38F1BB6FA7700BD7E08 /* IMGVote.m in Sources */,
				B2B0F3811BB6FA7700BD7E08 /* IMGAccount.m in Sources */,
				B2B0F38A1BB6FA7700BD7E08 /* IMGImage.m in Sources */,
				B2B0F3801BB6FA7700BD7E08 /* IMGSession.m in Sources */,
				B2B0F3831BB6FA7700BD7E08 /* IMGAlbum.m in Sources */,
				B2B0F39A1BB6FA7700BD7E08 /* IMGNotificationRequest.m in Sources */,
				B2B0F38D1BB6FA7700BD7E08 /* IMGModel.m in Sources */,
				B2B0F33A1BB6F0B500BD7E08 /* ImageProcessor.m in Sources */,
				B24D239B1BB6ED9400B2833F /* MainViewController.m in Sources */,
				B2B0F3951BB6FA7700BD7E08 /* IMGConversationRequest.m in Sources */,
				B2B0F3961BB6FA7700BD7E08 /* IMGEndpoint.m in Sources */,
				B2B0F37F1BB6FA7700BD7E08 /* IMGResponseSerializer.m in Sources */,
				B2B0F3851BB6FA7700BD7E08 /* IMGComment.m in Sources */,
				B2B0F3931BB6FA7700BD7E08 /* IMGAlbumRequest.m in Sources */,
				B2B0F3381BB6F0B500BD7E08 /* ClarifaiClient.m in Sources */,
				B2B0F3941BB6FA7700BD7E08 /* IMGCommentRequest.m in Sources */,
				B2B0F3991BB6FA7700BD7E08 /* IMGMemeGen.m in Sources */,
				B2B0F3861BB6FA7700BD7E08 /* IMGConversation.m in Sources */,
				B2B0F3911BB6FA7700BD7E08 /* NSError+IMGError.m in Sources */,
				B2B0F3391BB6F0B500BD7E08 /* ClarifaiClientFactory.m in Sources */,
				B2B0F3981BB6FA7700BD7E08 /* IMGImageRequest.m in Sources */,
				B2B0F3971BB6FA7700BD7E08 /* IMGGalleryRequest.m in Sources */,
				B24D23981BB6ED9400B2833F /* AppDelegate.m in Sources */,
				B2B0F3871BB6FA7700BD7E08 /* IMGGalleryAlbum.m in Sources */,
				B2B0F3921BB6FA7700BD7E08 /* IMGAccountRequest.m in Sources */,
				B2B0F3881BB6FA7700BD7E08 /* IMGGalleryImage.m in Sources */,
				B2B0F3891BB6FA7700BD7E08 /* IMGGalleryProfile.m in Sources */,
				B2B0F3901BB6FA7700BD7E08 /* NSDictionary+IMG.m in Sources */,
				B2B0F3821BB6FA7700BD7E08 /* IMGAccountSettings.m in Sources */,
				B2B0F3841BB6FA7700BD7E08 /* IMGBasicAlbum.m in Sources */,
				B24D23951BB6ED9400B2833F /* main.m in Sources */,
			);
			runOnlyForDeploymentPostprocessing = 0;
		};
		B24D23A51BB6ED9400B2833F /* Sources */ = {
			isa = PBXSourcesBuildPhase;
			buildActionMask = 2147483647;
			files = (
				B24D23AE1BB6ED9400B2833F /* OHFTheMenTestAppTests.m in Sources */,
			);
			runOnlyForDeploymentPostprocessing = 0;
		};
		B24D23B01BB6ED9400B2833F /* Sources */ = {
			isa = PBXSourcesBuildPhase;
			buildActionMask = 2147483647;
			files = (
				B24D23B91BB6ED9400B2833F /* OHFTheMenTestAppUITests.m in Sources */,
			);
			runOnlyForDeploymentPostprocessing = 0;
		};
/* End PBXSourcesBuildPhase section */

/* Begin PBXTargetDependency section */
		B24D23AB1BB6ED9400B2833F /* PBXTargetDependency */ = {
			isa = PBXTargetDependency;
			target = B24D238F1BB6ED9400B2833F /* OHFTheMenTestApp */;
			targetProxy = B24D23AA1BB6ED9400B2833F /* PBXContainerItemProxy */;
		};
		B24D23B61BB6ED9400B2833F /* PBXTargetDependency */ = {
			isa = PBXTargetDependency;
			target = B24D238F1BB6ED9400B2833F /* OHFTheMenTestApp */;
			targetProxy = B24D23B51BB6ED9400B2833F /* PBXContainerItemProxy */;
		};
/* End PBXTargetDependency section */

/* Begin PBXVariantGroup section */
		B24D239C1BB6ED9400B2833F /* Main.storyboard */ = {
			isa = PBXVariantGroup;
			children = (
				B24D239D1BB6ED9400B2833F /* Base */,
			);
			name = Main.storyboard;
			sourceTree = "<group>";
		};
		B24D23A11BB6ED9400B2833F /* LaunchScreen.storyboard */ = {
			isa = PBXVariantGroup;
			children = (
				B24D23A21BB6ED9400B2833F /* Base */,
			);
			name = LaunchScreen.storyboard;
			sourceTree = "<group>";
		};
/* End PBXVariantGroup section */

/* Begin XCBuildConfiguration section */
		B24D23BB1BB6ED9400B2833F /* Debug */ = {
			isa = XCBuildConfiguration;
			buildSettings = {
				ALWAYS_SEARCH_USER_PATHS = NO;
				CLANG_CXX_LANGUAGE_STANDARD = "gnu++0x";
				CLANG_CXX_LIBRARY = "libc++";
				CLANG_ENABLE_MODULES = YES;
				CLANG_ENABLE_OBJC_ARC = YES;
				CLANG_WARN_BOOL_CONVERSION = YES;
				CLANG_WARN_CONSTANT_CONVERSION = YES;
				CLANG_WARN_DIRECT_OBJC_ISA_USAGE = YES_ERROR;
				CLANG_WARN_EMPTY_BODY = YES;
				CLANG_WARN_ENUM_CONVERSION = YES;
				CLANG_WARN_INT_CONVERSION = YES;
				CLANG_WARN_OBJC_ROOT_CLASS = YES_ERROR;
				CLANG_WARN_UNREACHABLE_CODE = YES;
				CLANG_WARN__DUPLICATE_METHOD_MATCH = YES;
				"CODE_SIGN_IDENTITY[sdk=iphoneos*]" = "iPhone Developer";
				COPY_PHASE_STRIP = NO;
				DEBUG_INFORMATION_FORMAT = dwarf;
				ENABLE_STRICT_OBJC_MSGSEND = YES;
				ENABLE_TESTABILITY = YES;
				GCC_C_LANGUAGE_STANDARD = gnu99;
				GCC_DYNAMIC_NO_PIC = NO;
				GCC_NO_COMMON_BLOCKS = YES;
				GCC_OPTIMIZATION_LEVEL = 0;
				GCC_PREPROCESSOR_DEFINITIONS = (
					"DEBUG=1",
					"$(inherited)",
				);
				GCC_WARN_64_TO_32_BIT_CONVERSION = YES;
				GCC_WARN_ABOUT_RETURN_TYPE = YES_ERROR;
				GCC_WARN_UNDECLARED_SELECTOR = YES;
				GCC_WARN_UNINITIALIZED_AUTOS = YES_AGGRESSIVE;
				GCC_WARN_UNUSED_FUNCTION = YES;
				GCC_WARN_UNUSED_VARIABLE = YES;
				IPHONEOS_DEPLOYMENT_TARGET = 9.0;
				MTL_ENABLE_DEBUG_INFO = YES;
				ONLY_ACTIVE_ARCH = YES;
				SDKROOT = iphoneos;
			};
			name = Debug;
		};
		B24D23BC1BB6ED9400B2833F /* Release */ = {
			isa = XCBuildConfiguration;
			buildSettings = {
				ALWAYS_SEARCH_USER_PATHS = NO;
				CLANG_CXX_LANGUAGE_STANDARD = "gnu++0x";
				CLANG_CXX_LIBRARY = "libc++";
				CLANG_ENABLE_MODULES = YES;
				CLANG_ENABLE_OBJC_ARC = YES;
				CLANG_WARN_BOOL_CONVERSION = YES;
				CLANG_WARN_CONSTANT_CONVERSION = YES;
				CLANG_WARN_DIRECT_OBJC_ISA_USAGE = YES_ERROR;
				CLANG_WARN_EMPTY_BODY = YES;
				CLANG_WARN_ENUM_CONVERSION = YES;
				CLANG_WARN_INT_CONVERSION = YES;
				CLANG_WARN_OBJC_ROOT_CLASS = YES_ERROR;
				CLANG_WARN_UNREACHABLE_CODE = YES;
				CLANG_WARN__DUPLICATE_METHOD_MATCH = YES;
				"CODE_SIGN_IDENTITY[sdk=iphoneos*]" = "iPhone Developer";
				COPY_PHASE_STRIP = NO;
				DEBUG_INFORMATION_FORMAT = "dwarf-with-dsym";
				ENABLE_NS_ASSERTIONS = NO;
				ENABLE_STRICT_OBJC_MSGSEND = YES;
				GCC_C_LANGUAGE_STANDARD = gnu99;
				GCC_NO_COMMON_BLOCKS = YES;
				GCC_WARN_64_TO_32_BIT_CONVERSION = YES;
				GCC_WARN_ABOUT_RETURN_TYPE = YES_ERROR;
				GCC_WARN_UNDECLARED_SELECTOR = YES;
				GCC_WARN_UNINITIALIZED_AUTOS = YES_AGGRESSIVE;
				GCC_WARN_UNUSED_FUNCTION = YES;
				GCC_WARN_UNUSED_VARIABLE = YES;
				IPHONEOS_DEPLOYMENT_TARGET = 9.0;
				MTL_ENABLE_DEBUG_INFO = NO;
				SDKROOT = iphoneos;
				VALIDATE_PRODUCT = YES;
			};
			name = Release;
		};
		B24D23BE1BB6ED9400B2833F /* Debug */ = {
			isa = XCBuildConfiguration;
			baseConfigurationReference = 918F1B8234062EA120E2AEFC /* Pods-OHFTheMenTestApp.debug.xcconfig */;
			buildSettings = {
				ASSETCATALOG_COMPILER_APPICON_NAME = AppIcon;
				INFOPLIST_FILE = OHFTheMenTestApp/Info.plist;
				LD_RUNPATH_SEARCH_PATHS = "$(inherited) @executable_path/Frameworks";
				PRODUCT_BUNDLE_IDENTIFIER = de.socialbit.OHFTheMenTestApp;
				PRODUCT_NAME = "$(TARGET_NAME)";
			};
			name = Debug;
		};
		B24D23BF1BB6ED9400B2833F /* Release */ = {
			isa = XCBuildConfiguration;
			baseConfigurationReference = 550567A43F385025BB30E533 /* Pods-OHFTheMenTestApp.release.xcconfig */;
			buildSettings = {
				ASSETCATALOG_COMPILER_APPICON_NAME = AppIcon;
				INFOPLIST_FILE = OHFTheMenTestApp/Info.plist;
				LD_RUNPATH_SEARCH_PATHS = "$(inherited) @executable_path/Frameworks";
				PRODUCT_BUNDLE_IDENTIFIER = de.socialbit.OHFTheMenTestApp;
				PRODUCT_NAME = "$(TARGET_NAME)";
			};
			name = Release;
		};
		B24D23C11BB6ED9400B2833F /* Debug */ = {
			isa = XCBuildConfiguration;
			buildSettings = {
				BUNDLE_LOADER = "$(TEST_HOST)";
				INFOPLIST_FILE = OHFTheMenTestAppTests/Info.plist;
				LD_RUNPATH_SEARCH_PATHS = "$(inherited) @executable_path/Frameworks @loader_path/Frameworks";
				PRODUCT_BUNDLE_IDENTIFIER = de.socialbit.OHFTheMenTestAppTests;
				PRODUCT_NAME = "$(TARGET_NAME)";
				TEST_HOST = "$(BUILT_PRODUCTS_DIR)/OHFTheMenTestApp.app/OHFTheMenTestApp";
			};
			name = Debug;
		};
		B24D23C21BB6ED9400B2833F /* Release */ = {
			isa = XCBuildConfiguration;
			buildSettings = {
				BUNDLE_LOADER = "$(TEST_HOST)";
				INFOPLIST_FILE = OHFTheMenTestAppTests/Info.plist;
				LD_RUNPATH_SEARCH_PATHS = "$(inherited) @executable_path/Frameworks @loader_path/Frameworks";
				PRODUCT_BUNDLE_IDENTIFIER = de.socialbit.OHFTheMenTestAppTests;
				PRODUCT_NAME = "$(TARGET_NAME)";
				TEST_HOST = "$(BUILT_PRODUCTS_DIR)/OHFTheMenTestApp.app/OHFTheMenTestApp";
			};
			name = Release;
		};
		B24D23C41BB6ED9400B2833F /* Debug */ = {
			isa = XCBuildConfiguration;
			buildSettings = {
				INFOPLIST_FILE = OHFTheMenTestAppUITests/Info.plist;
				LD_RUNPATH_SEARCH_PATHS = "$(inherited) @executable_path/Frameworks @loader_path/Frameworks";
				PRODUCT_BUNDLE_IDENTIFIER = de.socialbit.OHFTheMenTestAppUITests;
				PRODUCT_NAME = "$(TARGET_NAME)";
				TEST_TARGET_NAME = OHFTheMenTestApp;
				USES_XCTRUNNER = YES;
			};
			name = Debug;
		};
		B24D23C51BB6ED9400B2833F /* Release */ = {
			isa = XCBuildConfiguration;
			buildSettings = {
				INFOPLIST_FILE = OHFTheMenTestAppUITests/Info.plist;
				LD_RUNPATH_SEARCH_PATHS = "$(inherited) @executable_path/Frameworks @loader_path/Frameworks";
				PRODUCT_BUNDLE_IDENTIFIER = de.socialbit.OHFTheMenTestAppUITests;
				PRODUCT_NAME = "$(TARGET_NAME)";
				TEST_TARGET_NAME = OHFTheMenTestApp;
				USES_XCTRUNNER = YES;
			};
			name = Release;
		};
/* End XCBuildConfiguration section */

/* Begin XCConfigurationList section */
		B24D238B1BB6ED9400B2833F /* Build configuration list for PBXProject "OHFTheMenTestApp" */ = {
			isa = XCConfigurationList;
			buildConfigurations = (
				B24D23BB1BB6ED9400B2833F /* Debug */,
				B24D23BC1BB6ED9400B2833F /* Release */,
			);
			defaultConfigurationIsVisible = 0;
			defaultConfigurationName = Release;
		};
		B24D23BD1BB6ED9400B2833F /* Build configuration list for PBXNativeTarget "OHFTheMenTestApp" */ = {
			isa = XCConfigurationList;
			buildConfigurations = (
				B24D23BE1BB6ED9400B2833F /* Debug */,
				B24D23BF1BB6ED9400B2833F /* Release */,
			);
			defaultConfigurationIsVisible = 0;
			defaultConfigurationName = Release;
		};
		B24D23C01BB6ED9400B2833F /* Build configuration list for PBXNativeTarget "OHFTheMenTestAppTests" */ = {
			isa = XCConfigurationList;
			buildConfigurations = (
				B24D23C11BB6ED9400B2833F /* Debug */,
				B24D23C21BB6ED9400B2833F /* Release */,
			);
			defaultConfigurationIsVisible = 0;
			defaultConfigurationName = Release;
		};
		B24D23C31BB6ED9400B2833F /* Build configuration list for PBXNativeTarget "OHFTheMenTestAppUITests" */ = {
			isa = XCConfigurationList;
			buildConfigurations = (
				B24D23C41BB6ED9400B2833F /* Debug */,
				B24D23C51BB6ED9400B2833F /* Release */,
			);
			defaultConfigurationIsVisible = 0;
			defaultConfigurationName = Release;
		};
/* End XCConfigurationList section */
	};
	rootObject = B24D23881BB6ED9400B2833F /* Project object */;
}
